
Microsoft Visual Studio Solution File, Format Version 12.00
# Visual Studio 15
VisualStudioVersion = 15.0.28307.168
MinimumVisualStudioVersion = 10.0.40219.1
Project("{8BC9CEB8-8B4A-11D0-8D11-00A0C91BC942}") = "Gerber2Prn", "Gerber2Prn\Gerber2Prn.vcxproj", "{07958756-A908-47A0-95D1-83257D55319D}"
EndProject
Global
	GlobalSection(SolutionConfigurationPlatforms) = preSolution
		Debug|x64 = Debug|x64
		Debug|x86 = Debug|x86
		Release|x64 = Release|x64
		Release|x86 = Release|x86
	EndGlobalSection
	GlobalSection(ProjectConfigurationPlatforms) = postSolution
		{07958756-A908-47A0-95D1-83257D55319D}.Debug|x64.ActiveCfg = Debug|x64
		{07958756-A908-47A0-95D1-83257D55319D}.Debug|x64.Build.0 = Debug|x64
		{07958756-A908-47A0-95D1-83257D55319D}.Debug|x86.ActiveCfg = Debug|Win32
		{07958756-A908-47A0-95D1-83257D55319D}.Debug|x86.Build.0 = Debug|Win32
		{07958756-A908-47A0-95D1-83257D55319D}.Release|x64.ActiveCfg = Release|x64
		{07958756-A908-47A0-95D1-83257D55319D}.Release|x64.Build.0 = Release|x64
		{07958756-A908-47A0-95D1-83257D55319D}.Release|x86.ActiveCfg = Release|Win32
		{07958756-A908-47A0-95D1-83257D55319D}.Release|x86.Build.0 = Release|Win32
	EndGlobalSection
	GlobalSection(SolutionProperties) = preSolution
		HideSolutionNode = FALSE
	EndGlobalSection
	GlobalSection(ExtensibilityGlobals) = postSolution
		SolutionGuid = {ACD2CADD-D1F3-459F-AC91-B0DBDC3CA92E}
	EndGlobalSection
EndGlobal
